// !$*UTF8*$!
{
	archiveVersion = 1;
	classes = {
	};
	objectVersion = 46;
	objects = {

/* Begin PBXBuildFile section */
		4D60DF6B19D5762B00C4FF60 /* main.m in Sources */ = {isa = PBXBuildFile; fileRef = 4D60DF6A19D5762B00C4FF60 /* main.m */; };
		4D60DF6E19D5762B00C4FF60 /* AppDelegate.m in Sources */ = {isa = PBXBuildFile; fileRef = 4D60DF6D19D5762B00C4FF60 /* AppDelegate.m */; };
		4D60DF7119D5762B00C4FF60 /* FirstViewController.m in Sources */ = {isa = PBXBuildFile; fileRef = 4D60DF7019D5762B00C4FF60 /* FirstViewController.m */; };
		4D60DF7419D5762B00C4FF60 /* SecondViewController.m in Sources */ = {isa = PBXBuildFile; fileRef = 4D60DF7319D5762B00C4FF60 /* SecondViewController.m */; };
		4D60DF7719D5762B00C4FF60 /* Main.storyboard in Resources */ = {isa = PBXBuildFile; fileRef = 4D60DF7519D5762B00C4FF60 /* Main.storyboard */; };
		4D60DF7919D5762B00C4FF60 /* Images.xcassets in Resources */ = {isa = PBXBuildFile; fileRef = 4D60DF7819D5762B00C4FF60 /* Images.xcassets */; };
		4D60DF7C19D5762B00C4FF60 /* LaunchScreen.xib in Resources */ = {isa = PBXBuildFile; fileRef = 4D60DF7A19D5762B00C4FF60 /* LaunchScreen.xib */; };
		4D60DF8819D5762B00C4FF60 /* soc_04_tabbed_appTests.m in Sources */ = {isa = PBXBuildFile; fileRef = 4D60DF8719D5762B00C4FF60 /* soc_04_tabbed_appTests.m */; };
/* End PBXBuildFile section */

/* Begin PBXContainerItemProxy section */
		4D60DF8219D5762B00C4FF60 /* PBXContainerItemProxy */ = {
			isa = PBXContainerItemProxy;
			containerPortal = 4D60DF5D19D5762B00C4FF60 /* Project object */;
			proxyType = 1;
			remoteGlobalIDString = 4D60DF6419D5762B00C4FF60;
			remoteInfo = "soc-04-tabbed-app";
		};
/* End PBXContainerItemProxy section */

/* Begin PBXFileReference section */
		4D60DF6519D5762B00C4FF60 /* soc-04-tabbed-app.app */ = {isa = PBXFileReference; explicitFileType = wrapper.application; includeInIndex = 0; path = "soc-04-tabbed-app.app"; sourceTree = BUILT_PRODUCTS_DIR; };
		4D60DF6919D5762B00C4FF60 /* Info.plist */ = {isa = PBXFileReference; lastKnownFileType = text.plist.xml; path = Info.plist; sourceTree = "<group>"; };
		4D60DF6A19D5762B00C4FF60 /* main.m */ = {isa = PBXFileReference; lastKnownFileType = sourcecode.c.objc; path = main.m; sourceTree = "<group>"; };
		4D60DF6C19D5762B00C4FF60 /* AppDelegate.h */ = {isa = PBXFileReference; lastKnownFileType = sourcecode.c.h; path = AppDelegate.h; sourceTree = "<group>"; };
		4D60DF6D19D5762B00C4FF60 /* AppDelegate.m */ = {isa = PBXFileReference; lastKnownFileType = sourcecode.c.objc; path = AppDelegate.m; sourceTree = "<group>"; };
		4D60DF6F19D5762B00C4FF60 /* FirstViewController.h */ = {isa = PBXFileReference; lastKnownFileType = sourcecode.c.h; path = FirstViewController.h; sourceTree = "<group>"; };
		4D60DF7019D5762B00C4FF60 /* FirstViewController.m */ = {isa = PBXFileReference; lastKnownFileType = sourcecode.c.objc; path = FirstViewController.m; sourceTree = "<group>"; };
		4D60DF7219D5762B00C4FF60 /* SecondViewController.h */ = {isa = PBXFileReference; lastKnownFileType = sourcecode.c.h; path = SecondViewController.h; sourceTree = "<group>"; };
		4D60DF7319D5762B00C4FF60 /* SecondViewController.m */ = {isa = PBXFileReference; lastKnownFileType = sourcecode.c.objc; path = SecondViewController.m; sourceTree = "<group>"; };
		4D60DF7619D5762B00C4FF60 /* Base */ = {isa = PBXFileReference; lastKnownFileType = file.storyboard; name = Base; path = Base.lproj/Main.storyboard; sourceTree = "<group>"; };
		4D60DF7819D5762B00C4FF60 /* Images.xcassets */ = {isa = PBXFileReference; lastKnownFileType = folder.assetcatalog; path = Images.xcassets; sourceTree = "<group>"; };
		4D60DF7B19D5762B00C4FF60 /* Base */ = {isa = PBXFileReference; lastKnownFileType = file.xib; name = Base; path = Base.lproj/LaunchScreen.xib; sourceTree = "<group>"; };
		4D60DF8119D5762B00C4FF60 /* soc-04-tabbed-appTests.xctest */ = {isa = PBXFileReference; explicitFileType = wrapper.cfbundle; includeInIndex = 0; path = "soc-04-tabbed-appTests.xctest"; sourceTree = BUILT_PRODUCTS_DIR; };
		4D60DF8619D5762B00C4FF60 /* Info.plist */ = {isa = PBXFileReference; lastKnownFileType = text.plist.xml; path = Info.plist; sourceTree = "<group>"; };
		4D60DF8719D5762B00C4FF60 /* soc_04_tabbed_appTests.m */ = {isa = PBXFileReference; lastKnownFileType = sourcecode.c.objc; path = soc_04_tabbed_appTests.m; sourceTree = "<group>"; };
/* End PBXFileReference section */

/* Begin PBXFrameworksBuildPhase section */
		4D60DF6219D5762B00C4FF60 /* Frameworks */ = {
			isa = PBXFrameworksBuildPhase;
			buildActionMask = 2147483647;
			files = (
			);
			runOnlyForDeploymentPostprocessing = 0;
		};
		4D60DF7E19D5762B00C4FF60 /* Frameworks */ = {
			isa = PBXFrameworksBuildPhase;
			buildActionMask = 2147483647;
			files = (
			);
			runOnlyForDeploymentPostprocessing = 0;
		};
/* End PBXFrameworksBuildPhase section */

/* Begin PBXGroup section */
		4D60DF5C19D5762B00C4FF60 = {
			isa = PBXGroup;
			children = (
				4D60DF6719D5762B00C4FF60 /* soc-04-tabbed-app */,
				4D60DF8419D5762B00C4FF60 /* soc-04-tabbed-appTests */,
				4D60DF6619D5762B00C4FF60 /* Products */,
			);
			sourceTree = "<group>";
		};
		4D60DF6619D5762B00C4FF60 /* Products */ = {
			isa = PBXGroup;
			children = (
				4D60DF6519D5762B00C4FF60 /* soc-04-tabbed-app.app */,
				4D60DF8119D5762B00C4FF60 /* soc-04-tabbed-appTests.xctest */,
			);
			name = Products;
			sourceTree = "<group>";
		};
		4D60DF6719D5762B00C4FF60 /* soc-04-tabbed-app */ = {
			isa = PBXGroup;
			children = (
				4D60DF6C19D5762B00C4FF60 /* AppDelegate.h */,
				4D60DF6D19D5762B00C4FF60 /* AppDelegate.m */,
				4D60DF6F19D5762B00C4FF60 /* FirstViewController.h */,
				4D60DF7019D5762B00C4FF60 /* FirstViewController.m */,
				4D60DF7219D5762B00C4FF60 /* SecondViewController.h */,
				4D60DF7319D5762B00C4FF60 /* SecondViewController.m */,
				4D60DF7519D5762B00C4FF60 /* Main.storyboard */,
				4D60DF7819D5762B00C4FF60 /* Images.xcassets */,
				4D60DF7A19D5762B00C4FF60 /* LaunchScreen.xib */,
				4D60DF6819D5762B00C4FF60 /* Supporting Files */,
			);
			path = "soc-04-tabbed-app";
			sourceTree = "<group>";
		};
		4D60DF6819D5762B00C4FF60 /* Supporting Files */ = {
			isa = PBXGroup;
			children = (
				4D60DF6919D5762B00C4FF60 /* Info.plist */,
				4D60DF6A19D5762B00C4FF60 /* main.m */,
			);
			name = "Supporting Files";
			sourceTree = "<group>";
		};
		4D60DF8419D5762B00C4FF60 /* soc-04-tabbed-appTests */ = {
			isa = PBXGroup;
			children = (
				4D60DF8719D5762B00C4FF60 /* soc_04_tabbed_appTests.m */,
				4D60DF8519D5762B00C4FF60 /* Supporting Files */,
			);
			path = "soc-04-tabbed-appTests";
			sourceTree = "<group>";
		};
		4D60DF8519D5762B00C4FF60 /* Supporting Files */ = {
			isa = PBXGroup;
			children = (
				4D60DF8619D5762B00C4FF60 /* Info.plist */,
			);
			name = "Supporting Files";
			sourceTree = "<group>";
		};
/* End PBXGroup section */

/* Begin PBXNativeTarget section */
		4D60DF6419D5762B00C4FF60 /* soc-04-tabbed-app */ = {
			isa = PBXNativeTarget;
			buildConfigurationList = 4D60DF8B19D5762B00C4FF60 /* Build configuration list for PBXNativeTarget "soc-04-tabbed-app" */;
			buildPhases = (
				4D60DF6119D5762B00C4FF60 /* Sources */,
				4D60DF6219D5762B00C4FF60 /* Frameworks */,
				4D60DF6319D5762B00C4FF60 /* Resources */,
			);
			buildRules = (
			);
			dependencies = (
			);
			name = "soc-04-tabbed-app";
			productName = "soc-04-tabbed-app";
			productReference = 4D60DF6519D5762B00C4FF60 /* soc-04-tabbed-app.app */;
			productType = "com.apple.product-type.application";
		};
		4D60DF8019D5762B00C4FF60 /* soc-04-tabbed-appTests */ = {
			isa = PBXNativeTarget;
			buildConfigurationList = 4D60DF8E19D5762B00C4FF60 /* Build configuration list for PBXNativeTarget "soc-04-tabbed-appTests" */;
			buildPhases = (
				4D60DF7D19D5762B00C4FF60 /* Sources */,
				4D60DF7E19D5762B00C4FF60 /* Frameworks */,
				4D60DF7F19D5762B00C4FF60 /* Resources */,
			);
			buildRules = (
			);
			dependencies = (
				4D60DF8319D5762B00C4FF60 /* PBXTargetDependency */,
			);
			name = "soc-04-tabbed-appTests";
			productName = "soc-04-tabbed-appTests";
			productReference = 4D60DF8119D5762B00C4FF60 /* soc-04-tabbed-appTests.xctest */;
			productType = "com.apple.product-type.bundle.unit-test";
		};
/* End PBXNativeTarget section */

/* Begin PBXProject section */
		4D60DF5D19D5762B00C4FF60 /* Project object */ = {
			isa = PBXProject;
			attributes = {
				LastUpgradeCheck = 0600;
				ORGANIZATIONNAME = "IOS Study Spikes";
				TargetAttributes = {
					4D60DF6419D5762B00C4FF60 = {
						CreatedOnToolsVersion = 6.0.1;
					};
					4D60DF8019D5762B00C4FF60 = {
						CreatedOnToolsVersion = 6.0.1;
						TestTargetID = 4D60DF6419D5762B00C4FF60;
					};
				};
			};
			buildConfigurationList = 4D60DF6019D5762B00C4FF60 /* Build configuration list for PBXProject "soc-04-tabbed-app" */;
			compatibilityVersion = "Xcode 3.2";
			developmentRegion = English;
			hasScannedForEncodings = 0;
			knownRegions = (
				en,
				Base,
			);
			mainGroup = 4D60DF5C19D5762B00C4FF60;
			productRefGroup = 4D60DF6619D5762B00C4FF60 /* Products */;
			projectDirPath = "";
			projectRoot = "";
			targets = (
				4D60DF6419D5762B00C4FF60 /* soc-04-tabbed-app */,
				4D60DF8019D5762B00C4FF60 /* soc-04-tabbed-appTests */,
			);
		};
/* End PBXProject section */

/* Begin PBXResourcesBuildPhase section */
		4D60DF6319D5762B00C4FF60 /* Resources */ = {
			isa = PBXResourcesBuildPhase;
			buildActionMask = 2147483647;
			files = (
				4D60DF7719D5762B00C4FF60 /* Main.storyboard in Resources */,
				4D60DF7C19D5762B00C4FF60 /* LaunchScreen.xib in Resources */,
				4D60DF7919D5762B00C4FF60 /* Images.xcassets in Resources */,
			);
			runOnlyForDeploymentPostprocessing = 0;
		};
		4D60DF7F19D5762B00C4FF60 /* Resources */ = {
			isa = PBXResourcesBuildPhase;
			buildActionMask = 2147483647;
			files = (
			);
			runOnlyForDeploymentPostprocessing = 0;
		};
/* End PBXResourcesBuildPhase section */

/* Begin PBXSourcesBuildPhase section */
		4D60DF6119D5762B00C4FF60 /* Sources */ = {
			isa = PBXSourcesBuildPhase;
			buildActionMask = 2147483647;
			files = (
				4D60DF7419D5762B00C4FF60 /* SecondViewController.m in Sources */,
				4D60DF6E19D5762B00C4FF60 /* AppDelegate.m in Sources */,
				4D60DF7119D5762B00C4FF60 /* FirstViewController.m in Sources */,
				4D60DF6B19D5762B00C4FF60 /* main.m in Sources */,
			);
			runOnlyForDeploymentPostprocessing = 0;
		};
		4D60DF7D19D5762B00C4FF60 /* Sources */ = {
			isa = PBXSourcesBuildPhase;
			buildActionMask = 2147483647;
			files = (
				4D60DF8819D5762B00C4FF60 /* soc_04_tabbed_appTests.m in Sources */,
			);
			runOnlyForDeploymentPostprocessing = 0;
		};
/* End PBXSourcesBuildPhase section */

/* Begin PBXTargetDependency section */
		4D60DF8319D5762B00C4FF60 /* PBXTargetDependency */ = {
			isa = PBXTargetDependency;
			target = 4D60DF6419D5762B00C4FF60 /* soc-04-tabbed-app */;
			targetProxy = 4D60DF8219D5762B00C4FF60 /* PBXContainerItemProxy */;
		};
/* End PBXTargetDependency section */

/* Begin PBXVariantGroup section */
		4D60DF7519D5762B00C4FF60 /* Main.storyboard */ = {
			isa = PBXVariantGroup;
			children = (
				4D60DF7619D5762B00C4FF60 /* Base */,
			);
			name = Main.storyboard;
			sourceTree = "<group>";
		};
		4D60DF7A19D5762B00C4FF60 /* LaunchScreen.xib */ = {
			isa = PBXVariantGroup;
			children = (
				4D60DF7B19D5762B00C4FF60 /* Base */,
			);
			name = LaunchScreen.xib;
			sourceTree = "<group>";
		};
/* End PBXVariantGroup section */

/* Begin XCBuildConfiguration section */
		4D60DF8919D5762B00C4FF60 /* Debug */ = {
			isa = XCBuildConfiguration;
			buildSettings = {
				ALWAYS_SEARCH_USER_PATHS = NO;
				CLANG_CXX_LANGUAGE_STANDARD = "gnu++0x";
				CLANG_CXX_LIBRARY = "libc++";
				CLANG_ENABLE_MODULES = YES;
				CLANG_ENABLE_OBJC_ARC = YES;
				CLANG_WARN_BOOL_CONVERSION = YES;
				CLANG_WARN_CONSTANT_CONVERSION = YES;
				CLANG_WARN_DIRECT_OBJC_ISA_USAGE = YES_ERROR;
				CLANG_WARN_EMPTY_BODY = YES;
				CLANG_WARN_ENUM_CONVERSION = YES;
				CLANG_WARN_INT_CONVERSION = YES;
				CLANG_WARN_OBJC_ROOT_CLASS = YES_ERROR;
				CLANG_WARN_UNREACHABLE_CODE = YES;
				CLANG_WARN__DUPLICATE_METHOD_MATCH = YES;
				"CODE_SIGN_IDENTITY[sdk=iphoneos*]" = "iPhone Developer";
				COPY_PHASE_STRIP = NO;
				ENABLE_STRICT_OBJC_MSGSEND = YES;
				GCC_C_LANGUAGE_STANDARD = gnu99;
				GCC_DYNAMIC_NO_PIC = NO;
				GCC_OPTIMIZATION_LEVEL = 0;
				GCC_PREPROCESSOR_DEFINITIONS = (
					"DEBUG=1",
					"$(inherited)",
				);
				GCC_SYMBOLS_PRIVATE_EXTERN = NO;
				GCC_WARN_64_TO_32_BIT_CONVERSION = YES;
				GCC_WARN_ABOUT_RETURN_TYPE = YES_ERROR;
				GCC_WARN_UNDECLARED_SELECTOR = YES;
				GCC_WARN_UNINITIALIZED_AUTOS = YES_AGGRESSIVE;
				GCC_WARN_UNUSED_FUNCTION = YES;
				GCC_WARN_UNUSED_VARIABLE = YES;
				IPHONEOS_DEPLOYMENT_TARGET = 8.0;
				MTL_ENABLE_DEBUG_INFO = YES;
				ONLY_ACTIVE_ARCH = YES;
				SDKROOT = iphoneos;
				TARGETED_DEVICE_FAMILY = "1,2";
			};
			name = Debug;
		};
		4D60DF8A19D5762B00C4FF60 /* Release */ = {
			isa = XCBuildConfiguration;
			buildSettings = {
				ALWAYS_SEARCH_USER_PATHS = NO;
				CLANG_CXX_LANGUAGE_STANDARD = "gnu++0x";
				CLANG_CXX_LIBRARY = "libc++";
				CLANG_ENABLE_MODULES = YES;
				CLANG_ENABLE_OBJC_ARC = YES;
				CLANG_WARN_BOOL_CONVERSION = YES;
				CLANG_WARN_CONSTANT_CONVERSION = YES;
				CLANG_WARN_DIRECT_OBJC_ISA_USAGE = YES_ERROR;
				CLANG_WARN_EMPTY_BODY = YES;
				CLANG_WARN_ENUM_CONVERSION = YES;
				CLANG_WARN_INT_CONVERSION = YES;
				CLANG_WARN_OBJC_ROOT_CLASS = YES_ERROR;
				CLANG_WARN_UNREACHABLE_CODE = YES;
				CLANG_WARN__DUPLICATE_METHOD_MATCH = YES;
				"CODE_SIGN_IDENTITY[sdk=iphoneos*]" = "iPhone Developer";
				COPY_PHASE_STRIP = YES;
				ENABLE_NS_ASSERTIONS = NO;
				ENABLE_STRICT_OBJC_MSGSEND = YES;
				GCC_C_LANGUAGE_STANDARD = gnu99;
				GCC_WARN_64_TO_32_BIT_CONVERSION = YES;
				GCC_WARN_ABOUT_RETURN_TYPE = YES_ERROR;
				GCC_WARN_UNDECLARED_SELECTOR = YES;
				GCC_WARN_UNINITIALIZED_AUTOS = YES_AGGRESSIVE;
				GCC_WARN_UNUSED_FUNCTION = YES;
				GCC_WARN_UNUSED_VARIABLE = YES;
				IPHONEOS_DEPLOYMENT_TARGET = 8.0;
				MTL_ENABLE_DEBUG_INFO = NO;
				SDKROOT = iphoneos;
				TARGETED_DEVICE_FAMILY = "1,2";
				VALIDATE_PRODUCT = YES;
			};
			name = Release;
		};
		4D60DF8C19D5762B00C4FF60 /* Debug */ = {
			isa = XCBuildConfiguration;
			buildSettings = {
				ASSETCATALOG_COMPILER_APPICON_NAME = AppIcon;
				INFOPLIST_FILE = "soc-04-tabbed-app/Info.plist";
				LD_RUNPATH_SEARCH_PATHS = "$(inherited) @executable_path/Frameworks";
				PRODUCT_NAME = "$(TARGET_NAME)";
			};
			name = Debug;
		};
		4D60DF8D19D5762B00C4FF60 /* Release */ = {
			isa = XCBuildConfiguration;
			buildSettings = {
				ASSETCATALOG_COMPILER_APPICON_NAME = AppIcon;
				INFOPLIST_FILE = "soc-04-tabbed-app/Info.plist";
				LD_RUNPATH_SEARCH_PATHS = "$(inherited) @executable_path/Frameworks";
				PRODUCT_NAME = "$(TARGET_NAME)";
			};
			name = Release;
		};
		4D60DF8F19D5762B00C4FF60 /* Debug */ = {
			isa = XCBuildConfiguration;
			buildSettings = {
				BUNDLE_LOADER = "$(TEST_HOST)";
				FRAMEWORK_SEARCH_PATHS = (
					"$(SDKROOT)/Developer/Library/Frameworks",
					"$(inherited)",
				);
				GCC_PREPROCESSOR_DEFINITIONS = (
					"DEBUG=1",
					"$(inherited)",
				);
				INFOPLIST_FILE = "soc-04-tabbed-appTests/Info.plist";
				LD_RUNPATH_SEARCH_PATHS = "$(inherited) @executable_path/Frameworks @loader_path/Frameworks";
				PRODUCT_NAME = "$(TARGET_NAME)";
				TEST_HOST = "$(BUILT_PRODUCTS_DIR)/soc-04-tabbed-app.app/soc-04-tabbed-app";
			};
			name = Debug;
		};
		4D60DF9019D5762B00C4FF60 /* Release */ = {
			isa = XCBuildConfiguration;
			buildSettings = {
				BUNDLE_LOADER = "$(TEST_HOST)";
				FRAMEWORK_SEARCH_PATHS = (
					"$(SDKROOT)/Developer/Library/Frameworks",
					"$(inherited)",
				);
				INFOPLIST_FILE = "soc-04-tabbed-appTests/Info.plist";
				LD_RUNPATH_SEARCH_PATHS = "$(inherited) @executable_path/Frameworks @loader_path/Frameworks";
				PRODUCT_NAME = "$(TARGET_NAME)";
				TEST_HOST = "$(BUILT_PRODUCTS_DIR)/soc-04-tabbed-app.app/soc-04-tabbed-app";
			};
			name = Release;
		};
/* End XCBuildConfiguration section */

/* Begin XCConfigurationList section */
		4D60DF6019D5762B00C4FF60 /* Build configuration list for PBXProject "soc-04-tabbed-app" */ = {
			isa = XCConfigurationList;
			buildConfigurations = (
				4D60DF8919D5762B00C4FF60 /* Debug */,
				4D60DF8A19D5762B00C4FF60 /* Release */,
			);
			defaultConfigurationIsVisible = 0;
			defaultConfigurationName = Release;
		};
		4D60DF8B19D5762B00C4FF60 /* Build configuration list for PBXNativeTarget "soc-04-tabbed-app" */ = {
			isa = XCConfigurationList;
			buildConfigurations = (
				4D60DF8C19D5762B00C4FF60 /* Debug */,
				4D60DF8D19D5762B00C4FF60 /* Release */,
			);
			defaultConfigurationIsVisible = 0;
		};
		4D60DF8E19D5762B00C4FF60 /* Build configuration list for PBXNativeTarget "soc-04-tabbed-appTests" */ = {
			isa = XCConfigurationList;
			buildConfigurations = (
				4D60DF8F19D5762B00C4FF60 /* Debug */,
				4D60DF9019D5762B00C4FF60 /* Release */,
			);
			defaultConfigurationIsVisible = 0;
		};
/* End XCConfigurationList section */
	};
	rootObject = 4D60DF5D19D5762B00C4FF60 /* Project object */;
}
